# Generated by pub
# See https://dart.dev/tools/pub/glossary#lockfile
packages:
  app_settings:
    dependency: "direct main"
    description:
      name: app_settings
      sha256: "66715a323ac36d6c8201035ba678777c0d2ea869e4d7064300d95af10c3bb8cb"
      url: "https://pub.dev"
    source: hosted
    version: "4.2.0"
  archive:
    dependency: transitive
    description:
      name: archive
      sha256: ed7cc591a948744994714375caf9a2ce89e1d82e8243997c8a2994d57181c212
      url: "https://pub.dev"
    source: hosted
    version: "3.3.5"
  args:
    dependency: transitive
    description:
      name: args
      sha256: b003c3098049a51720352d219b0bb5f219b60fbfb68e7a4748139a06a5676515
      url: "https://pub.dev"
    source: hosted
    version: "2.3.1"
  async:
    dependency: transitive
    description:
      name: async
      sha256: bfe67ef28df125b7dddcea62755991f807aa39a2492a23e1550161692950bbe0
      url: "https://pub.dev"
    source: hosted
    version: "2.10.0"
  audio_session:
    dependency: "direct main"
    description:
      name: audio_session
      sha256: e4acc4e9eaa32436dfc5d7aed7f0a370f2d7bb27ee27de30d6c4f220c2a05c73
      url: "https://pub.dev"
    source: hosted
    version: "0.1.13"
  audio_streamer:
    dependency: transitive
    description:
      name: audio_streamer
      sha256: ef0cef09b87483b978a50db1b596782d60de4dd17d5f316a895aa4a7671218fe
      url: "https://pub.dev"
    source: hosted
    version: "2.2.0"
  auto_size_text:
    dependency: "direct main"
    description:
      name: auto_size_text
      sha256: "3f5261cd3fb5f2a9ab4e2fc3fba84fd9fcaac8821f20a1d4e71f557521b22599"
      url: "https://pub.dev"
    source: hosted
    version: "3.0.0"
  battery_info:
    dependency: "direct main"
    description:
      name: battery_info
      sha256: "5d5249c87a600a0a20d6b2f5ffdf90d711bccb1bfd3a58e5a6228f270031c680"
      url: "https://pub.dev"
    source: hosted
    version: "1.1.1"
  battery_plus:
    dependency: "direct main"
    description:
      name: battery_plus
      sha256: "38c91c5c44dd63d998fba569db0b5b2159534b474d5f429287d37c2dabdde8b0"
      url: "https://pub.dev"
    source: hosted
    version: "3.0.2"
  battery_plus_platform_interface:
    dependency: transitive
    description:
      name: battery_plus_platform_interface
      sha256: "19fd8418a81aeb2dea8fb7026b1fdf56b6c6d319baf8d703fa0d13c1d5c7ba2f"
      url: "https://pub.dev"
    source: hosted
    version: "1.2.2"
  boolean_selector:
    dependency: transitive
    description:
      name: boolean_selector
      sha256: "6cfb5af12253eaf2b368f07bacc5a80d1301a071c73360d746b7f2e32d762c66"
      url: "https://pub.dev"
    source: hosted
    version: "2.1.1"
  camera:
    dependency: "direct main"
    description:
      name: camera
      sha256: b7316e7861cf7a7196ef670f391a0e8d1f36eebd4e199d3077e0a23e11db2a44
      url: "https://pub.dev"
    source: hosted
    version: "0.10.1"
  camera_android:
    dependency: transitive
    description:
      name: camera_android
      sha256: "24408d7078dd9b5e70bdb2ff35651c250b0efc9168df287e30fcb151e93ec515"
      url: "https://pub.dev"
    source: hosted
    version: "0.10.2"
  camera_avfoundation:
    dependency: transitive
    description:
      name: camera_avfoundation
      sha256: "4e1be6a29b5423136efe683c97f210dc6423011f8ad09c0e18b3e629eae8c896"
      url: "https://pub.dev"
    source: hosted
    version: "0.9.10"
  camera_platform_interface:
    dependency: transitive
    description:
      name: camera_platform_interface
      sha256: b13c4c7a1462f6b3453ac5df900fd42a8ab66477c2004bc16f8a7fdcf3e5fcd9
      url: "https://pub.dev"
    source: hosted
    version: "2.3.2"
  camera_web:
    dependency: transitive
    description:
      name: camera_web
      sha256: "6db5052de8c5074edc8cf75bc9a63a56dd0ae18646152b9d2273a9a4f6301b17"
      url: "https://pub.dev"
    source: hosted
    version: "0.3.1"
  characters:
    dependency: transitive
    description:
      name: characters
      sha256: e6a326c8af69605aec75ed6c187d06b349707a27fbff8222ca9cc2cff167975c
      url: "https://pub.dev"
    source: hosted
    version: "1.2.1"
  checked_yaml:
    dependency: transitive
    description:
      name: checked_yaml
      sha256: "3d1505d91afa809d177efd4eed5bb0eb65805097a1463abdd2add076effae311"
      url: "https://pub.dev"
    source: hosted
    version: "2.0.2"
  cli_util:
    dependency: transitive
    description:
      name: cli_util
      sha256: "66f86e916d285c1a93d3b79587d94bd71984a66aac4ff74e524cfa7877f1395c"
      url: "https://pub.dev"
    source: hosted
    version: "0.3.5"
  clock:
    dependency: transitive
    description:
      name: clock
      sha256: cb6d7f03e1de671e34607e909a7213e31d7752be4fb66a86d29fe1eb14bfb5cf
      url: "https://pub.dev"
    source: hosted
    version: "1.1.1"
  collection:
    dependency: transitive
    description:
      name: collection
      sha256: cfc915e6923fe5ce6e153b0723c753045de46de1b4d63771530504004a45fae0
      url: "https://pub.dev"
    source: hosted
    version: "1.17.0"
  connectivity_plus:
    dependency: "direct main"
    description:
      name: connectivity_plus
      sha256: "745ebcccb1ef73768386154428a55250bc8d44059c19fd27aecda2a6dc013a22"
      url: "https://pub.dev"
    source: hosted
    version: "3.0.2"
  connectivity_plus_platform_interface:
    dependency: transitive
    description:
      name: connectivity_plus_platform_interface
      sha256: b8795b9238bf83b64375f63492034cb3d8e222af4d9ce59dda085edf038fa06f
      url: "https://pub.dev"
    source: hosted
    version: "1.2.3"
  convert:
    dependency: transitive
    description:
      name: convert
      sha256: "0f08b14755d163f6e2134cb58222dd25ea2a2ee8a195e53983d57c075324d592"
      url: "https://pub.dev"
    source: hosted
    version: "3.1.1"
  cpu_reader:
    dependency: "direct main"
    description:
      name: cpu_reader
      sha256: a456b7792f280c2a76941ad5e2f1e437b5531dc09fcc0419857ce47e02f8a908
      url: "https://pub.dev"
    source: hosted
    version: "3.0.0"
  cross_file:
    dependency: transitive
    description:
      name: cross_file
      sha256: f71079978789bc2fe78d79227f1f8cfe195b31bbd8db2399b0d15a4b96fb843b
      url: "https://pub.dev"
    source: hosted
    version: "0.3.3+2"
  crypto:
    dependency: transitive
    description:
      name: crypto
      sha256: aa274aa7774f8964e4f4f38cc994db7b6158dd36e9187aaceaddc994b35c6c67
      url: "https://pub.dev"
    source: hosted
    version: "3.0.2"
  csslib:
    dependency: transitive
    description:
      name: csslib
      sha256: b36c7f7e24c0bdf1bf9a3da461c837d1de64b9f8beb190c9011d8c72a3dfd745
      url: "https://pub.dev"
    source: hosted
    version: "0.17.2"
  cupertino_icons:
    dependency: "direct main"
    description:
      name: cupertino_icons
      sha256: e35129dc44c9118cee2a5603506d823bab99c68393879edb440e0090d07586be
      url: "https://pub.dev"
    source: hosted
    version: "1.0.5"
  dbus:
    dependency: transitive
    description:
      name: dbus
      sha256: "6f07cba3f7b3448d42d015bfd3d53fe12e5b36da2423f23838efc1d5fb31a263"
      url: "https://pub.dev"
    source: hosted
    version: "0.7.8"
  device_apps:
    dependency: "direct main"
    description:
      name: device_apps
      sha256: e84dc74d55749993fd671148cc0bd53096e1be0c268fc364285511b1d8a4c19b
      url: "https://pub.dev"
    source: hosted
    version: "2.2.0"
  device_info_plus:
    dependency: "direct main"
    description:
      name: device_info_plus
      sha256: "717a1d782b01ecbd0890b9a8994cb018ae2a9a617dddf681217567189008915c"
      url: "https://pub.dev"
    source: hosted
    version: "6.0.0"
  device_info_plus_linux:
    dependency: transitive
    description:
      name: device_info_plus_linux
      sha256: ebefd15fa43df3a8b222d6a120f23771c18b62b8306b07f72f546927475b2bd6
      url: "https://pub.dev"
    source: hosted
    version: "5.0.0"
  device_info_plus_macos:
    dependency: transitive
    description:
      name: device_info_plus_macos
      sha256: "9e540a74d7f307e640db2caa059d4b55676ffe7f2bc5cf3d103f6e7fdb6ac153"
      url: "https://pub.dev"
    source: hosted
    version: "5.0.0"
  device_info_plus_platform_interface:
    dependency: transitive
    description:
      name: device_info_plus_platform_interface
      sha256: adac28cb9101434260279bf36adeac8cafac8d120d0d942dabb2c6bd9a03b4c7
      url: "https://pub.dev"
    source: hosted
    version: "5.0.0"
  device_info_plus_web:
    dependency: transitive
    description:
      name: device_info_plus_web
      sha256: de7e651339a77b003af7cd77d83afbbd4f4848fd8892dbc80910278a8cf45f7b
      url: "https://pub.dev"
    source: hosted
    version: "5.0.0"
  device_info_plus_windows:
    dependency: transitive
    description:
      name: device_info_plus_windows
      sha256: "803371e6c0ed01b7cda9ae7c8628ea1a6646a6f2b8fb8e1c9376fda19fa123b3"
      url: "https://pub.dev"
    source: hosted
    version: "6.0.0"
  device_information:
    dependency: "direct main"
    description:
      name: device_information
      sha256: "26dd2630a9db8e0c55f5685a5d515ed40ded24219f5e7f14dcfae5a2bd1f2ddf"
      url: "https://pub.dev"
    source: hosted
    version: "0.0.4"
  device_marketing_names:
    dependency: "direct main"
    description:
      name: device_marketing_names
      sha256: "3f3b001ee28ba9a6e374d2ad2a505df4c19271abf2f5cb07d9021f7cc3b5b4a9"
      url: "https://pub.dev"
    source: hosted
    version: "0.5.2"
  device_name:
    dependency: "direct main"
    description:
      name: device_name
      sha256: "1fb555d274358179ce74f8faf4567a28eb1f2a75ad46d71e720308a8f0f6209f"
      url: "https://pub.dev"
    source: hosted
    version: "0.0.4"
  dio:
    dependency: "direct main"
    description:
      name: dio
      sha256: "7d328c4d898a61efc3cd93655a0955858e29a0aa647f0f9e02d59b3bb275e2e8"
      url: "https://pub.dev"
    source: hosted
    version: "4.0.6"
  disk_space:
    dependency: "direct main"
    description:
      name: disk_space
      sha256: fb27eb2d09ac04784f45b95b1355538b2355c76a081eeaa8439d1a5cfa263888
      url: "https://pub.dev"
    source: hosted
    version: "0.2.1"
  dropdown_button2:
    dependency: "direct main"
    description:
      name: dropdown_button2
      sha256: "580bfe26a91e822a95d96e227ac02c1e14a7d5eea32501d0fbc6fe8d5c5606e5"
      url: "https://pub.dev"
    source: hosted
    version: "1.9.2"
  fake_async:
    dependency: transitive
    description:
      name: fake_async
      sha256: "511392330127add0b769b75a987850d136345d9227c6b94c96a04cf4a391bf78"
      url: "https://pub.dev"
    source: hosted
    version: "1.3.1"
  ffi:
    dependency: transitive
    description:
      name: ffi
      sha256: a38574032c5f1dd06c4aee541789906c12ccaab8ba01446e800d9c5b79c4a978
      url: "https://pub.dev"
    source: hosted
    version: "2.0.1"
  file:
    dependency: transitive
    description:
      name: file
      sha256: "1b92bec4fc2a72f59a8e15af5f52cd441e4a7860b49499d69dfa817af20e925d"
      url: "https://pub.dev"
    source: hosted
    version: "6.1.4"
  file_utils:
    dependency: transitive
    description:
      name: file_utils
      sha256: d1e64389a22649095c8405c9e177272caf05139255931c9ff30d53b5c9bcaa34
      url: "https://pub.dev"
    source: hosted
    version: "1.0.1"
  filesize:
    dependency: "direct main"
    description:
      name: filesize
      sha256: f53df1f27ff60e466eefcd9df239e02d4722d5e2debee92a87dfd99ac66de2af
      url: "https://pub.dev"
    source: hosted
    version: "2.0.1"
  fixnum:
    dependency: transitive
    description:
      name: fixnum
      sha256: "04be3e934c52e082558cc9ee21f42f5c1cd7a1262f4c63cd0357c08d5bba81ec"
      url: "https://pub.dev"
    source: hosted
    version: "1.0.1"
  flutter:
    dependency: "direct main"
    description: flutter
    source: sdk
    version: "0.0.0"
  flutter_android_volume_keydown:
    dependency: "direct main"
    description:
      name: flutter_android_volume_keydown
      sha256: f07fa3e4362262ccf32be6522c8445cbac5a046c18f82c8bd7ba11391d057e9a
      url: "https://pub.dev"
    source: hosted
    version: "1.0.0"
  flutter_background:
    dependency: "direct main"
    description:
      name: flutter_background
      sha256: cc1555bcd1176d6f8948500106930aebc4886c9becc3fc5532b4a9049b0f1609
      url: "https://pub.dev"
    source: hosted
    version: "1.1.0"
  flutter_hardware_button_nullsafety:
    dependency: "direct main"
    description:
      name: flutter_hardware_button_nullsafety
      sha256: b9db5664823fd3298f66e80abd4f816ca3d4cf3051f87c7f2cffd1a404b62083
      url: "https://pub.dev"
    source: hosted
    version: "0.1.2"
  flutter_launcher_icons:
    dependency: "direct dev"
    description:
      name: flutter_launcher_icons
      sha256: a9de6706cd844668beac27c0aed5910fa0534832b3c2cad61a5fd977fce82a5d
      url: "https://pub.dev"
    source: hosted
    version: "0.10.0"
  flutter_lints:
    dependency: "direct dev"
    description:
      name: flutter_lints
      sha256: aeb0b80a8b3709709c9cc496cdc027c5b3216796bc0af0ce1007eaf24464fd4c
      url: "https://pub.dev"
    source: hosted
    version: "2.0.1"
  flutter_localizations:
    dependency: "direct main"
    description: flutter
    source: sdk
    version: "0.0.0"
  flutter_plugin_android_lifecycle:
    dependency: transitive
    description:
      name: flutter_plugin_android_lifecycle
      sha256: "60fc7b78455b94e6de2333d2f95196d32cf5c22f4b0b0520a628804cb463503b"
      url: "https://pub.dev"
    source: hosted
    version: "2.0.7"
  flutter_reactive_ble:
    dependency: "direct main"
    description:
      name: flutter_reactive_ble
      sha256: "9eea5244d1958608f22e96dcb2ee459f7f37434b28e43c0a829276b6dc7d1aaa"
      url: "https://pub.dev"
    source: hosted
    version: "5.0.3"
  flutter_spinkit:
    dependency: "direct main"
    description:
      name: flutter_spinkit
      sha256: "77a2117c0517ff909221f3160b8eb20052ab5216107581168af574ac1f05dff8"
      url: "https://pub.dev"
    source: hosted
    version: "5.1.0"
  flutter_staggered_grid_view:
    dependency: "direct main"
    description:
      name: flutter_staggered_grid_view
      sha256: "1312314293acceb65b92754298754801b0e1f26a1845833b740b30415bbbcf07"
      url: "https://pub.dev"
    source: hosted
    version: "0.6.2"
  flutter_svg:
    dependency: "direct main"
    description:
      name: flutter_svg
      sha256: "6ff9fa12892ae074092de2fa6a9938fb21dbabfdaa2ff57dc697ff912fc8d4b2"
      url: "https://pub.dev"
    source: hosted
    version: "1.1.6"
  flutter_test:
    dependency: "direct dev"
    description: flutter
    source: sdk
    version: "0.0.0"
  flutter_web_plugins:
    dependency: transitive
    description: flutter
    source: sdk
    version: "0.0.0"
  fluttericon:
    dependency: "direct main"
    description:
      name: fluttericon
      sha256: "252fa8043826e93d972a602497a260cb3d62b5aea6d045793e4381590f2c1e99"
      url: "https://pub.dev"
    source: hosted
    version: "2.0.0"
  functional_data:
    dependency: transitive
    description:
      name: functional_data
      sha256: "950f886463a7531a3b77904e0eb89e8e06dda78c4e3f5a84686445a2290cce18"
      url: "https://pub.dev"
    source: hosted
    version: "1.0.0"
  geolocator:
    dependency: "direct main"
    description:
      name: geolocator
      sha256: "5c23f3613f50586c0bbb2b8f970240ae66b3bd992088cf60dd5ee2e6f7dde3a8"
      url: "https://pub.dev"
    source: hosted
    version: "9.0.2"
  geolocator_android:
    dependency: transitive
    description:
      name: geolocator_android
      sha256: fe90565c3a8789dc3b433d8f95cdb18343f9bde298a419d978337ba1ae1037d3
      url: "https://pub.dev"
    source: hosted
    version: "4.1.4"
  geolocator_apple:
    dependency: transitive
    description:
      name: geolocator_apple
      sha256: "567cf6d9879b4c33b2bd8bbfff0995e75c62a14f87b1480c8522c5dca5d3b166"
      url: "https://pub.dev"
    source: hosted
    version: "2.2.3"
  geolocator_platform_interface:
    dependency: transitive
    description:
      name: geolocator_platform_interface
      sha256: af4d69231452f9620718588f41acc4cb58312368716bfff2e92e770b46ce6386
      url: "https://pub.dev"
    source: hosted
    version: "4.0.7"
  geolocator_web:
    dependency: transitive
    description:
      name: geolocator_web
      sha256: f68a122da48fcfff68bbc9846bb0b74ef651afe84a1b1f6ec20939de4d6860e1
      url: "https://pub.dev"
    source: hosted
    version: "2.1.6"
  geolocator_windows:
    dependency: transitive
    description:
      name: geolocator_windows
      sha256: f5911c88e23f48b598dd506c7c19eff0e001645bdc03bb6fecb9f4549208354d
      url: "https://pub.dev"
    source: hosted
    version: "0.1.1"
  get:
    dependency: "direct main"
    description:
      name: get
      sha256: "34cd0cfbbb76e3aa3f9d582b467a5d326235dd7a57276b6d8b5ead51cf51a256"
      url: "https://pub.dev"
    source: hosted
    version: "4.6.1"
  getwidget:
    dependency: "direct main"
    description:
      name: getwidget
      sha256: d97c08d2cc8f2456bb8b28e34931879b1c5da6545453f3d64b7bebd70b7abfcf
      url: "https://pub.dev"
    source: hosted
    version: "3.0.1"
  globbing:
    dependency: transitive
    description:
      name: globbing
      sha256: "4f89cfaf6fa74c9c1740a96259da06bd45411ede56744e28017cc534a12b6e2d"
      url: "https://pub.dev"
    source: hosted
    version: "1.0.0"
  headset_connection_event:
    dependency: "direct main"
    description:
      name: headset_connection_event
      sha256: "324c0e38187db6c114d85bb1fd6d90b1d9cce52fa109941aeeb529f185e4d6cd"
      url: "https://pub.dev"
    source: hosted
    version: "2.1.1"
  hive:
    dependency: "direct main"
    description:
      name: hive
      sha256: "8dcf6db979d7933da8217edcec84e9df1bdb4e4edc7fc77dbd5aa74356d6d941"
      url: "https://pub.dev"
    source: hosted
    version: "2.2.3"
  hive_flutter:
    dependency: "direct main"
    description:
      name: hive_flutter
      sha256: dca1da446b1d808a51689fb5d0c6c9510c0a2ba01e22805d492c73b68e33eecc
      url: "https://pub.dev"
    source: hosted
    version: "1.1.0"
  html:
    dependency: transitive
    description:
      name: html
      sha256: d9793e10dbe0e6c364f4c59bf3e01fb33a9b2a674bc7a1081693dba0614b6269
      url: "https://pub.dev"
    source: hosted
    version: "0.15.1"
  http:
    dependency: transitive
    description:
      name: http
      sha256: "6aa2946395183537c8b880962d935877325d6a09a2867c3970c05c0fed6ac482"
      url: "https://pub.dev"
    source: hosted
    version: "0.13.5"
  http_parser:
    dependency: transitive
    description:
      name: http_parser
      sha256: "2aa08ce0341cc9b354a498388e30986515406668dbcc4f7c950c3e715496693b"
      url: "https://pub.dev"
    source: hosted
    version: "4.0.2"
  image:
    dependency: transitive
    description:
      name: image
      sha256: "8e9d133755c3e84c73288363e6343157c383a0c6c56fc51afcc5d4d7180306d6"
      url: "https://pub.dev"
    source: hosted
    version: "3.3.0"
  intl:
    dependency: transitive
    description:
      name: intl
      sha256: "910f85bce16fb5c6f614e117efa303e85a1731bb0081edf3604a2ae6e9a3cc91"
      url: "https://pub.dev"
    source: hosted
    version: "0.17.0"
  is_lock_screen:
    dependency: "direct main"
    description:
      name: is_lock_screen
      sha256: "7f45c22b1bb4bd9849aa699bc45b5b9473ada262a4266e1d7d51babdf50c0c83"
      url: "https://pub.dev"
    source: hosted
    version: "2.0.0"
  js:
    dependency: transitive
    description:
      name: js
      sha256: "5528c2f391ededb7775ec1daa69e65a2d61276f7552de2b5f7b8d34ee9fd4ab7"
      url: "https://pub.dev"
    source: hosted
    version: "0.6.5"
  json_annotation:
    dependency: transitive
    description:
      name: json_annotation
      sha256: "3520fa844009431b5d4491a5a778603520cdc399ab3406332dcc50f93547258c"
      url: "https://pub.dev"
    source: hosted
    version: "4.7.0"
  just_audio:
    dependency: "direct main"
    description:
      name: just_audio
      sha256: "7a5057a4d05c8f88ee968cec6fdfe1015577d5184e591d5ac15ab16d8f5ecb17"
      url: "https://pub.dev"
    source: hosted
    version: "0.9.31"
  just_audio_platform_interface:
    dependency: transitive
    description:
      name: just_audio_platform_interface
      sha256: eff112d5138bea3ba544b6338b1e0537a32b5e1425e4d0dc38f732771cda7c84
      url: "https://pub.dev"
    source: hosted
    version: "4.2.0"
  just_audio_web:
    dependency: transitive
    description:
      name: just_audio_web
      sha256: "89d8db6f19f3821bb6bf908c4bfb846079afb2ab575b783d781a6bf119e3abaf"
      url: "https://pub.dev"
    source: hosted
    version: "0.4.7"
  light:
    dependency: "direct main"
    description:
      name: light
      sha256: b4c8f9f1faad2c0b60f53ae0bc78c02a5645edeb889802cfed2137a0a04ed57a
      url: "https://pub.dev"
    source: hosted
    version: "2.1.0"
  lints:
    dependency: transitive
    description:
      name: lints
      sha256: "5e4a9cd06d447758280a8ac2405101e0e2094d2a1dbdd3756aec3fe7775ba593"
      url: "https://pub.dev"
    source: hosted
    version: "2.0.1"
  local_auth:
    dependency: "direct main"
    description:
      name: local_auth
      sha256: "8cea55dca20d1e0efa5480df2d47ae30851e7a24cb8e7d225be7e67ae8485aa4"
      url: "https://pub.dev"
    source: hosted
    version: "2.1.3"
  local_auth_android:
    dependency: transitive
    description:
      name: local_auth_android
      sha256: ba48fe0e1cae140a0813ce68c2540250d7f573a8ae4d4b6c681b2d2583584953
      url: "https://pub.dev"
    source: hosted
    version: "1.0.17"
  local_auth_ios:
    dependency: transitive
    description:
      name: local_auth_ios
      sha256: aa32478d7513066564139af57e11e2cad1bbd535c1efd224a88a8764c5665e3b
      url: "https://pub.dev"
    source: hosted
    version: "1.0.12"
  local_auth_platform_interface:
    dependency: transitive
    description:
      name: local_auth_platform_interface
      sha256: fbb6973f2fd088e2677f39a5ab550aa1cfbc00997859d5e865569872499d6d61
      url: "https://pub.dev"
    source: hosted
    version: "1.0.6"
  local_auth_windows:
    dependency: transitive
    description:
      name: local_auth_windows
      sha256: "53ef7487587e1cb06755861a9a74585b3b361ba1969ad374c728c75771a14fbb"
      url: "https://pub.dev"
    source: hosted
    version: "1.0.4"
  matcher:
    dependency: transitive
    description:
      name: matcher
      sha256: "16db949ceee371e9b99d22f88fa3a73c4e59fd0afed0bd25fc336eb76c198b72"
      url: "https://pub.dev"
    source: hosted
    version: "0.12.13"
  material_color_utilities:
    dependency: transitive
    description:
      name: material_color_utilities
      sha256: d92141dc6fe1dad30722f9aa826c7fbc896d021d792f80678280601aff8cf724
      url: "https://pub.dev"
    source: hosted
    version: "0.2.0"
  menu_button:
    dependency: "direct main"
    description:
      name: menu_button
      sha256: "46913c3b4f5cc10b204b9c338dce336eed6608eb635e026e9338502d71fbb15c"
      url: "https://pub.dev"
    source: hosted
    version: "1.4.2+1"
  meta:
    dependency: transitive
    description:
      name: meta
      sha256: "6c268b42ed578a53088d834796959e4a1814b5e9e164f147f580a386e5decf42"
      url: "https://pub.dev"
    source: hosted
    version: "1.8.0"
  nm:
    dependency: transitive
    description:
      name: nm
      sha256: "2c9aae4127bdc8993206464fcc063611e0e36e72018696cd9631023a31b24254"
      url: "https://pub.dev"
    source: hosted
    version: "0.5.0"
  noise_meter:
    dependency: "direct main"
    description:
      name: noise_meter
      sha256: d0856ed21f16cbbd4e92abbe9b8e55554bf5eaef72cf9ea702b07f4710f2f52c
      url: "https://pub.dev"
    source: hosted
    version: "3.1.0"
  path:
    dependency: transitive
    description:
      name: path
      sha256: db9d4f58c908a4ba5953fcee2ae317c94889433e5024c27ce74a37f94267945b
      url: "https://pub.dev"
    source: hosted
    version: "1.8.2"
  path_drawing:
    dependency: transitive
    description:
      name: path_drawing
      sha256: bbb1934c0cbb03091af082a6389ca2080345291ef07a5fa6d6e078ba8682f977
      url: "https://pub.dev"
    source: hosted
    version: "1.0.1"
  path_parsing:
    dependency: transitive
    description:
      name: path_parsing
      sha256: e3e67b1629e6f7e8100b367d3db6ba6af4b1f0bb80f64db18ef1fbabd2fa9ccf
      url: "https://pub.dev"
    source: hosted
    version: "1.0.1"
  path_provider:
    dependency: "direct main"
    description:
      name: path_provider
      sha256: "050e8e85e4b7fecdf2bb3682c1c64c4887a183720c802d323de8a5fd76d372dd"
      url: "https://pub.dev"
    source: hosted
    version: "2.0.11"
  path_provider_android:
    dependency: transitive
    description:
      name: path_provider_android
      sha256: a776c088d671b27f6e3aa8881d64b87b3e80201c64e8869b811325de7a76c15e
      url: "https://pub.dev"
    source: hosted
    version: "2.0.22"
  path_provider_ios:
    dependency: transitive
    description:
      name: path_provider_ios
      sha256: "03d639406f5343478352433f00d3c4394d52dac8df3d847869c5e2333e0bbce8"
      url: "https://pub.dev"
    source: hosted
    version: "2.0.11"
  path_provider_linux:
    dependency: transitive
    description:
      name: path_provider_linux
      sha256: ab0987bf95bc591da42dffb38c77398fc43309f0b9b894dcc5d6f40c4b26c379
      url: "https://pub.dev"
    source: hosted
    version: "2.1.7"
  path_provider_macos:
    dependency: transitive
    description:
      name: path_provider_macos
      sha256: "2a97e7fbb7ae9dcd0dfc1220a78e9ec3e71da691912e617e8715ff2a13086ae8"
      url: "https://pub.dev"
    source: hosted
    version: "2.0.6"
  path_provider_platform_interface:
    dependency: transitive
    description:
      name: path_provider_platform_interface
      sha256: f0abc8ebd7253741f05488b4813d936b4d07c6bae3e86148a09e342ee4b08e76
      url: "https://pub.dev"
    source: hosted
    version: "2.0.5"
  path_provider_windows:
    dependency: transitive
    description:
      name: path_provider_windows
      sha256: bcabbe399d4042b8ee687e17548d5d3f527255253b4a639f5f8d2094a9c2b45c
      url: "https://pub.dev"
    source: hosted
    version: "2.1.3"
  percent_indicator:
    dependency: "direct main"
    description:
      name: percent_indicator
      sha256: cec41f67181fbd5322aa68b355621d1a4eea827426b8eeb613f6cbe195ff7b4a
      url: "https://pub.dev"
    source: hosted
    version: "4.2.2"
  permission_handler:
    dependency: "direct main"
    description:
      name: permission_handler
      sha256: "33c6a1253d1f95fd06fa74b65b7ba907ae9811f9d5c1d3150e51417d04b8d6a8"
      url: "https://pub.dev"
    source: hosted
    version: "10.2.0"
  permission_handler_android:
    dependency: transitive
    description:
      name: permission_handler_android
      sha256: "8028362b40c4a45298f1cbfccd227c8dd6caf0e27088a69f2ba2ab15464159e2"
      url: "https://pub.dev"
    source: hosted
    version: "10.2.0"
  permission_handler_apple:
    dependency: transitive
    description:
      name: permission_handler_apple
      sha256: "9c370ef6a18b1c4b2f7f35944d644a56aa23576f23abee654cf73968de93f163"
      url: "https://pub.dev"
    source: hosted
    version: "9.0.7"
  permission_handler_platform_interface:
    dependency: transitive
    description:
      name: permission_handler_platform_interface
      sha256: "68abbc472002b5e6dfce47fe9898c6b7d8328d58b5d2524f75e277c07a97eb84"
      url: "https://pub.dev"
    source: hosted
    version: "3.9.0"
  permission_handler_windows:
    dependency: transitive
    description:
      name: permission_handler_windows
      sha256: f67cab14b4328574938ecea2db3475dad7af7ead6afab6338772c5f88963e38b
      url: "https://pub.dev"
    source: hosted
    version: "0.1.2"
  petitparser:
    dependency: transitive
    description:
      name: petitparser
      sha256: "49392a45ced973e8d94a85fdb21293fbb40ba805fc49f2965101ae748a3683b4"
      url: "https://pub.dev"
    source: hosted
    version: "5.1.0"
  pinch_zoom:
    dependency: "direct main"
    description:
      name: pinch_zoom
      sha256: ad12872281742726afaf03438d99a4572c584a612630768953beb6dfd6f9389a
      url: "https://pub.dev"
    source: hosted
    version: "1.0.0"
  platform:
    dependency: transitive
    description:
      name: platform
      sha256: "4a451831508d7d6ca779f7ac6e212b4023dd5a7d08a27a63da33756410e32b76"
      url: "https://pub.dev"
    source: hosted
    version: "3.1.0"
  plugin_platform_interface:
    dependency: transitive
    description:
      name: plugin_platform_interface
      sha256: dbf0f707c78beedc9200146ad3cb0ab4d5da13c246336987be6940f026500d3a
      url: "https://pub.dev"
    source: hosted
    version: "2.1.3"
  pointycastle:
    dependency: transitive
    description:
      name: pointycastle
      sha256: db7306cf0249f838d1a24af52b5a5887c5bf7f31d8bb4e827d071dc0939ad346
      url: "https://pub.dev"
    source: hosted
    version: "3.6.2"
  process:
    dependency: transitive
    description:
      name: process
      sha256: "53fd8db9cec1d37b0574e12f07520d582019cb6c44abf5479a01505099a34a09"
      url: "https://pub.dev"
    source: hosted
    version: "4.2.4"
  protobuf:
    dependency: transitive
    description:
      name: protobuf
      sha256: "01dd9bd0fa02548bf2ceee13545d4a0ec6046459d847b6b061d8a27237108a08"
      url: "https://pub.dev"
    source: hosted
    version: "2.1.0"
  proximity_sensor:
    dependency: "direct main"
    description:
      name: proximity_sensor
      sha256: "37d8556b3502c3688b3a6c01ed28978df1097a56555931b382fc2abf75765cbd"
      url: "https://pub.dev"
    source: hosted
    version: "1.0.4"
  qr_code_scanner:
    dependency: "direct main"
    description:
      name: qr_code_scanner
      sha256: f23b68d893505a424f0bd2e324ebea71ed88465d572d26bb8d2e78a4749591fd
      url: "https://pub.dev"
    source: hosted
    version: "1.0.1"
  quiver:
    dependency: transitive
    description:
      name: quiver
      sha256: b1c1ac5ce6688d77f65f3375a9abb9319b3cb32486bdc7a1e0fdf004d7ba4e47
      url: "https://pub.dev"
    source: hosted
    version: "3.2.1"
  reactive_ble_mobile:
    dependency: transitive
    description:
      name: reactive_ble_mobile
      sha256: "616a5ad9bc96fe051414a41b133e13f75ef35e6d8db77c84f0527a43afbf614e"
      url: "https://pub.dev"
    source: hosted
    version: "5.0.3"
  reactive_ble_platform_interface:
    dependency: transitive
    description:
      name: reactive_ble_platform_interface
      sha256: f9a446150076f1601c397b6bbf554eda2c37b066bb7397a226e72f04c13dbd9b
      url: "https://pub.dev"
    source: hosted
    version: "5.0.3"
  rxdart:
    dependency: transitive
    description:
      name: rxdart
      sha256: "0c7c0cedd93788d996e33041ffecda924cc54389199cde4e6a34b440f50044cb"
      url: "https://pub.dev"
    source: hosted
    version: "0.27.7"
  selection_menu:
    dependency: "direct main"
    description:
      name: selection_menu
      sha256: "60e4c763f0da5989de9a3d6e015add02734f367fd407f77cc874f7e272e67ccd"
      url: "https://pub.dev"
    source: hosted
    version: "2.0.2"
  sensors_plus:
    dependency: "direct main"
    description:
      name: sensors_plus
      sha256: "6bbf5a3f2f017e306f88d243469ff7820169b1f473e7bd69af300e9e8e1c6ee2"
      url: "https://pub.dev"
    source: hosted
    version: "2.0.1"
  sensors_plus_platform_interface:
    dependency: transitive
    description:
      name: sensors_plus_platform_interface
      sha256: "95f0cc08791b8bf0c41c5fa99c84be2a7d5bf60a811ddc17e1438b1e68caf0d3"
      url: "https://pub.dev"
    source: hosted
    version: "1.1.3"
  simple_shadow:
    dependency: "direct main"
    description:
      name: simple_shadow
      sha256: "8f44e25b80e14df04092373a72945b57d0190841698123c54ebf62d7f1ac26bb"
      url: "https://pub.dev"
    source: hosted
    version: "0.3.0"
  sky_engine:
    dependency: transitive
    description: flutter
    source: sdk
    version: "0.0.99"
  source_span:
    dependency: transitive
    description:
      name: source_span
      sha256: dd904f795d4b4f3b870833847c461801f6750a9fa8e61ea5ac53f9422b31f250
      url: "https://pub.dev"
    source: hosted
    version: "1.9.1"
  stack_trace:
    dependency: transitive
    description:
      name: stack_trace
      sha256: c3c7d8edb15bee7f0f74debd4b9c5f3c2ea86766fe4178eb2a18eb30a0bdaed5
      url: "https://pub.dev"
    source: hosted
    version: "1.11.0"
  stream_channel:
    dependency: transitive
    description:
      name: stream_channel
      sha256: "83615bee9045c1d322bbbd1ba209b7a749c2cbcdcb3fdd1df8eb488b3279c1c8"
      url: "https://pub.dev"
    source: hosted
    version: "2.1.1"
  stream_transform:
    dependency: transitive
    description:
      name: stream_transform
      sha256: "14a00e794c7c11aa145a170587321aedce29769c08d7f58b1d141da75e3b1c6f"
      url: "https://pub.dev"
    source: hosted
    version: "2.1.0"
  string_scanner:
    dependency: transitive
    description:
      name: string_scanner
      sha256: "556692adab6cfa87322a115640c11f13cb77b3f076ddcc5d6ae3c20242bedcde"
      url: "https://pub.dev"
    source: hosted
    version: "1.2.0"
  syncfusion_flutter_charts:
    dependency: "direct main"
    description:
      name: syncfusion_flutter_charts
      sha256: af8b07f6ef85a7797625c1c2faf6fcbdf60c980aa99333c61447e8d5f9787e63
      url: "https://pub.dev"
    source: hosted
    version: "20.4.42"
  syncfusion_flutter_core:
    dependency: transitive
    description:
      name: syncfusion_flutter_core
      sha256: d1188d83d92f2625cb80b2968c0b483b110ea468dc94e19f6966f763ba0ed996
      url: "https://pub.dev"
    source: hosted
    version: "20.4.42"
  syncfusion_flutter_gauges:
    dependency: "direct main"
    description:
      name: syncfusion_flutter_gauges
      sha256: df0ae7cc589882c3d0fa2e8435067cce586ad8994bbe906a4ad331fa2fcc8dcb
      url: "https://pub.dev"
    source: hosted
    version: "20.4.42"
  system_info2:
    dependency: "direct main"
    description:
      name: system_info2
      sha256: "90621f3ba586e1f268e38cc7951b172cd4d997e43dc1fbed12eb334c8a22a886"
      url: "https://pub.dev"
    source: hosted
    version: "2.0.4"
  tbibaudioplayers:
    dependency: "direct main"
    description:
      name: tbibaudioplayers
      sha256: f7fabffe9e5b76eed168011e505872bdc4fc11719d46135e693560b20d7435fa
      url: "https://pub.dev"
    source: hosted
    version: "0.0.3"
  term_glyph:
    dependency: transitive
    description:
      name: term_glyph
      sha256: a29248a84fbb7c79282b40b8c72a1209db169a2e0542bce341da992fe1bc7e84
      url: "https://pub.dev"
    source: hosted
    version: "1.2.1"
  test_api:
    dependency: transitive
    description:
      name: test_api
      sha256: ad540f65f92caa91bf21dfc8ffb8c589d6e4dc0c2267818b4cc2792857706206
      url: "https://pub.dev"
    source: hosted
    version: "0.4.16"
  torch_light:
    dependency: "direct main"
    description:
      name: torch_light
      sha256: "706f1b8ebf513a803e27922fd12466c5cf811659ac8d59617eb9e97c2008dc9a"
      url: "https://pub.dev"
    source: hosted
    version: "0.4.0"
  typed_data:
    dependency: transitive
    description:
      name: typed_data
      sha256: "26f87ade979c47a150c9eaab93ccd2bebe70a27dc0b4b29517f2904f04eb11a5"
      url: "https://pub.dev"
    source: hosted
    version: "1.3.1"
  universal_platform:
    dependency: transitive
    description:
      name: universal_platform
      sha256: d315be0f6641898b280ffa34e2ddb14f3d12b1a37882557869646e0cc363d0cc
      url: "https://pub.dev"
    source: hosted
    version: "1.0.0+1"
  upower:
    dependency: transitive
    description:
      name: upower
      sha256: cf042403154751180affa1d15614db7fa50234bc2373cd21c3db666c38543ebf
      url: "https://pub.dev"
    source: hosted
    version: "0.7.0"
  uuid:
    dependency: transitive
    description:
      name: uuid
      sha256: "648e103079f7c64a36dc7d39369cabb358d377078a051d6ae2ad3aa539519313"
      url: "https://pub.dev"
    source: hosted
    version: "3.0.7"
  vector_math:
    dependency: transitive
    description:
      name: vector_math
      sha256: "80b3257d1492ce4d091729e3a67a60407d227c27241d6927be0130c98e741803"
      url: "https://pub.dev"
    source: hosted
    version: "2.1.4"
  vibration:
    dependency: "direct main"
    description:
      name: vibration
      sha256: "1dc9d1a0d62b12f1276eb7146b21585db5fe01771b8ca0234fefdf74ba51f963"
      url: "https://pub.dev"
    source: hosted
    version: "1.7.6"
  volume_watcher:
    dependency: "direct main"
    description:
      name: volume_watcher
      sha256: "738f05c80dbda963cee4e9945291cd3c94229aa04c10da9386caef243deeac6f"
      url: "https://pub.dev"
    source: hosted
    version: "2.0.1"
  wifi_iot:
    dependency: "direct main"
    description:
      name: wifi_iot
      sha256: "6c8d014ca935a893e1bfe0589a6e848a9027678237f856754da99e7bab3cf36b"
      url: "https://pub.dev"
    source: hosted
    version: "0.3.18"
  win32:
    dependency: transitive
    description:
      name: win32
      sha256: c9ebe7ee4ab0c2194e65d3a07d8c54c5d00bb001b76081c4a04cdb8448b59e46
      url: "https://pub.dev"
    source: hosted
    version: "3.1.3"
  xdg_directories:
    dependency: transitive
    description:
      name: xdg_directories
      sha256: "11541eedefbcaec9de35aa82650b695297ce668662bbd6e3911a7fabdbde589f"
      url: "https://pub.dev"
    source: hosted
    version: "0.2.0+2"
  xml:
    dependency: transitive
    description:
      name: xml
      sha256: ac0e3f4bf00ba2708c33fbabbbe766300e509f8c82dbd4ab6525039813f7e2fb
      url: "https://pub.dev"
    source: hosted
    version: "6.1.0"
  yaml:
    dependency: transitive
    description:
      name: yaml
      sha256: "23812a9b125b48d4007117254bca50abb6c712352927eece9e155207b1db2370"
      url: "https://pub.dev"
    source: hosted
    version: "3.1.1"
sdks:
  dart: ">=2.18.2 <3.0.0"
  flutter: ">=3.0.1"
